
Microsoft Visual Studio Solution File, Format Version 12.00
# Visual Studio Version 17
VisualStudioVersion = 17.1.32421.90
MinimumVisualStudioVersion = 10.0.40219.1
Project("{8BC9CEB8-8B4A-11D0-8D11-00A0C91BC942}") = "Project1", "Project1.vcxproj", "{33773377-BD15-4F89-AD17-C0EFD1847127}"
EndProject
Project("{8BC9CEB8-8B4A-11D0-8D11-00A0C91BC942}") = "Client", "..\Client\Client.vcxproj", "{C4F22A5E-742C-40C7-AE00-E535A2CED68B}"
EndProject
Project("{8BC9CEB8-8B4A-11D0-8D11-00A0C91BC942}") = "Protocol", "..\Protocol\Protocol.vcxproj", "{E3454763-51FD-46EB-AF7B-BE3DF57B178D}"
EndProject
Global
	GlobalSection(SolutionConfigurationPlatforms) = preSolution
		Debug|x64 = Debug|x64
		Debug|x86 = Debug|x86
		Release|x64 = Release|x64
		Release|x86 = Release|x86
	EndGlobalSection
	GlobalSection(ProjectConfigurationPlatforms) = postSolution
		{33773377-BD15-4F89-AD17-C0EFD1847127}.Debug|x64.ActiveCfg = Debug|x64
		{33773377-BD15-4F89-AD17-C0EFD1847127}.Debug|x64.Build.0 = Debug|x64
		{33773377-BD15-4F89-AD17-C0EFD1847127}.Debug|x86.ActiveCfg = Debug|Win32
		{33773377-BD15-4F89-AD17-C0EFD1847127}.Debug|x86.Build.0 = Debug|Win32
		{33773377-BD15-4F89-AD17-C0EFD1847127}.Release|x64.ActiveCfg = Release|x64
		{33773377-BD15-4F89-AD17-C0EFD1847127}.Release|x64.Build.0 = Release|x64
		{33773377-BD15-4F89-AD17-C0EFD1847127}.Release|x86.ActiveCfg = Release|Win32
		{33773377-BD15-4F89-AD17-C0EFD1847127}.Release|x86.Build.0 = Release|Win32
		{C4F22A5E-742C-40C7-AE00-E535A2CED68B}.Debug|x64.ActiveCfg = Debug|x64
		{C4F22A5E-742C-40C7-AE00-E535A2CED68B}.Debug|x64.Build.0 = Debug|x64
		{C4F22A5E-742C-40C7-AE00-E535A2CED68B}.Debug|x86.ActiveCfg = Debug|Win32
		{C4F22A5E-742C-40C7-AE00-E535A2CED68B}.Debug|x86.Build.0 = Debug|Win32
		{C4F22A5E-742C-40C7-AE00-E535A2CED68B}.Release|x64.ActiveCfg = Release|x64
		{C4F22A5E-742C-40C7-AE00-E535A2CED68B}.Release|x64.Build.0 = Release|x64
		{C4F22A5E-742C-40C7-AE00-E535A2CED68B}.Release|x86.ActiveCfg = Release|Win32
		{C4F22A5E-742C-40C7-AE00-E535A2CED68B}.Release|x86.Build.0 = Release|Win32
		{E3454763-51FD-46EB-AF7B-BE3DF57B178D}.Debug|x64.ActiveCfg = Debug|x64
		{E3454763-51FD-46EB-AF7B-BE3DF57B178D}.Debug|x64.Build.0 = Debug|x64
		{E3454763-51FD-46EB-AF7B-BE3DF57B178D}.Debug|x86.ActiveCfg = Debug|Win32
		{E3454763-51FD-46EB-AF7B-BE3DF57B178D}.Debug|x86.Build.0 = Debug|Win32
		{E3454763-51FD-46EB-AF7B-BE3DF57B178D}.Release|x64.ActiveCfg = Release|x64
		{E3454763-51FD-46EB-AF7B-BE3DF57B178D}.Release|x64.Build.0 = Release|x64
		{E3454763-51FD-46EB-AF7B-BE3DF57B178D}.Release|x86.ActiveCfg = Release|Win32
		{E3454763-51FD-46EB-AF7B-BE3DF57B178D}.Release|x86.Build.0 = Release|Win32
	EndGlobalSection
	GlobalSection(SolutionProperties) = preSolution
		HideSolutionNode = FALSE
	EndGlobalSection
	GlobalSection(ExtensibilityGlobals) = postSolution
		SolutionGuid = {9A8BD725-EB58-4B7E-A18C-C1107FD5F2D5}
	EndGlobalSection
EndGlobal
